{
  "name": "~TODO~",
  "version": "0.0.1",
  "lockfileVersion": 1,
  "requires": true,
  "dependencies": {
    "@iarna/toml": {
      "version": "2.2.5",
      "resolved": "https://registry.npmjs.org/@iarna/toml/-/toml-2.2.5.tgz",
      "integrity": "sha512-trnsAYxU3xnS1gPHPyU961coFyLkh4gAD/0zQ5mymY4yOZ+CYvsPqUbOFSw0aDM4y0tV7tiFxL/1XfXPNC6IPg==",
      "dev": true
    },
    "@sveltejs/adapter-netlify": {
      "version": "1.0.0-next.29",
      "resolved": "https://registry.npmjs.org/@sveltejs/adapter-netlify/-/adapter-netlify-1.0.0-next.29.tgz",
      "integrity": "sha512-CJAdDv7p1brGKQfMPmsgDeBPygstmuN9VYO+x+nV3DfMTPg7WYwDuZ8OwSjCHE4tvsWARHKZGvsSLe1lz0T5ug==",
      "dev": true,
      "requires": {
        "@iarna/toml": "^2.2.5",
        "esbuild": "^0.12.5"
      }
    },
    "@types/unist": {
      "version": "2.0.6",
      "resolved": "https://registry.npmjs.org/@types/unist/-/unist-2.0.6.tgz",
      "integrity": "sha512-PBjIUxZHOuj0R15/xuwJYjFi+KZdNFrehocChv4g5hu6aFroHue8m0lBP0POdK2nKzbw0cgV1mws8+V/JAcEkQ==",
      "dev": true
    },
    "esbuild": {
      "version": "0.12.24",
      "resolved": "https://registry.npmjs.org/esbuild/-/esbuild-0.12.24.tgz",
      "integrity": "sha512-C0ibY+HsXzYB6L/pLWEiWjMpghKsIc58Q5yumARwBQsHl9DXPakW+5NI/Y9w4YXiz0PEP6XTGTT/OV4Nnsmb4A==",
      "dev": true
    },
    "mdsvex": {
      "version": "0.9.8",
      "resolved": "https://registry.npmjs.org/mdsvex/-/mdsvex-0.9.8.tgz",
      "integrity": "sha512-5QvThjRKoKkGH00qdHxLZ5ROd80RgGiJvM2B9opeFreaiGFTLoKKFUgEBCslLrwM24cVGJLmIM3rR83OFDf3tQ==",
      "dev": true,
      "requires": {
        "@types/unist": "^2.0.3",
        "prism-svelte": "^0.4.7",
        "prismjs": "^1.17.1",
        "vfile-message": "^2.0.4"
      }
    },
    "prism-svelte": {
      "version": "0.4.7",
      "resolved": "https://registry.npmjs.org/prism-svelte/-/prism-svelte-0.4.7.tgz",
      "integrity": "sha512-yABh19CYbM24V7aS7TuPYRNMqthxwbvx6FF/Rw920YbyBWO3tnyPIqRMgHuSVsLmuHkkBS1Akyof463FVdkeDQ==",
      "dev": true
    },
    "prismjs": {
      "version": "1.24.1",
      "resolved": "https://registry.npmjs.org/prismjs/-/prismjs-1.24.1.tgz",
      "integrity": "sha512-mNPsedLuk90RVJioIky8ANZEwYm5w9LcvCXrxHlwf4fNVSn8jEipMybMkWUyyF0JhnC+C4VcOVSBuHRKs1L5Ow==",
      "dev": true
    },
    "simpledotcss": {
      "version": "1.0.1",
      "resolved": "https://registry.npmjs.org/simpledotcss/-/simpledotcss-1.0.1.tgz",
      "integrity": "sha512-v95vCd+L11sXADuOv1j5LlF1MAE6zkh3HNnBTpDabpgybYCiz4/6X4aqgDBd0jylud7APst5KxW//O8htWUakA=="
    },
    "svelte": {
      "version": "3.42.4",
      "resolved": "https://registry.npmjs.org/svelte/-/svelte-3.42.4.tgz",
      "integrity": "sha512-DqC0AmDdBrrbIA+Kzl3yhBb6qCn4vZOAfxye2pTnIpinLegyagC5sLI8Pe9GPlXu9VpHBXIwpDDedpMfu++epA==",
      "dev": true
    },
    "unist-util-stringify-position": {
      "version": "2.0.3",
      "resolved": "https://registry.npmjs.org/unist-util-stringify-position/-/unist-util-stringify-position-2.0.3.tgz",
      "integrity": "sha512-3faScn5I+hy9VleOq/qNbAd6pAx7iH5jYBMS9I1HgQVijz/4mv5Bvw5iw1sC/90CODiKo81G/ps8AJrISn687g==",
      "dev": true,
      "requires": {
        "@types/unist": "^2.0.2"
      }
    },
    "vfile-message": {
      "version": "2.0.4",
      "resolved": "https://registry.npmjs.org/vfile-message/-/vfile-message-2.0.4.tgz",
      "integrity": "sha512-DjssxRGkMvifUOJre00juHoP9DPWuzjxKuMDrhNbk2TdaYYBNMStsNhEOt3idrtI12VQYM/1+iM0KOzXi4pxwQ==",
      "dev": true,
      "requires": {
        "@types/unist": "^2.0.0",
        "unist-util-stringify-position": "^2.0.0"
      }
    }
  }
}
